
Microsoft Visual Studio Solution File, Format Version 12.00
# Visual Studio Version 17
VisualStudioVersion = 17.2.32630.192
MinimumVisualStudioVersion = 10.0.40219.1
Project("{FAE04EC0-301F-11D3-BF4B-00C04F79EFBC}") = "Foundation", "Foundation\Foundation.csproj", "{1447C755-05C2-4DF7-B19D-980FFA30A9E1}"
	ProjectSection(ProjectDependencies) = postProject
		{C4D7FDC0-534C-46E3-9017-50362C1B8934} = {C4D7FDC0-534C-46E3-9017-50362C1B8934}
	EndProjectSection
EndProject
Project("{9A19103F-16F7-4668-BE54-9A1E7A4F7556}") = "ConcoleLibrary", "..\CSC160.2\ConcoleLibrary\ConcoleLibrary.csproj", "{C4D7FDC0-534C-46E3-9017-50362C1B8934}"
EndProject
Project("{9A19103F-16F7-4668-BE54-9A1E7A4F7556}") = "TicTacToe", "..\CSC160.2\TicTacToe\TicTacToe.csproj", "{1AD3491E-B1C4-40DB-BAB4-508FEC02856C}"
EndProject
Project("{9A19103F-16F7-4668-BE54-9A1E7A4F7556}") = "MasterMindLibrary", "..\CSC160.2\MasterMindLibrary\MasterMindLibrary.csproj", "{00D19DD3-2C24-4C6B-A1F4-1119C52489B5}"
EndProject
Project("{9A19103F-16F7-4668-BE54-9A1E7A4F7556}") = "MasterMind", "..\CSC160.2\MasterMind\MasterMind.csproj", "{00C5A324-7973-46E4-9ECA-E8A89EAC54C2}"
EndProject
Global
	GlobalSection(SolutionConfigurationPlatforms) = preSolution
		Debug|Any CPU = Debug|Any CPU
		Release|Any CPU = Release|Any CPU
	EndGlobalSection
	GlobalSection(ProjectConfigurationPlatforms) = postSolution
		{1447C755-05C2-4DF7-B19D-980FFA30A9E1}.Debug|Any CPU.ActiveCfg = Debug|Any CPU
		{1447C755-05C2-4DF7-B19D-980FFA30A9E1}.Debug|Any CPU.Build.0 = Debug|Any CPU
		{1447C755-05C2-4DF7-B19D-980FFA30A9E1}.Release|Any CPU.ActiveCfg = Release|Any CPU
		{1447C755-05C2-4DF7-B19D-980FFA30A9E1}.Release|Any CPU.Build.0 = Release|Any CPU
		{C4D7FDC0-534C-46E3-9017-50362C1B8934}.Debug|Any CPU.ActiveCfg = Debug|Any CPU
		{C4D7FDC0-534C-46E3-9017-50362C1B8934}.Debug|Any CPU.Build.0 = Debug|Any CPU
		{C4D7FDC0-534C-46E3-9017-50362C1B8934}.Release|Any CPU.ActiveCfg = Release|Any CPU
		{C4D7FDC0-534C-46E3-9017-50362C1B8934}.Release|Any CPU.Build.0 = Release|Any CPU
		{1AD3491E-B1C4-40DB-BAB4-508FEC02856C}.Debug|Any CPU.ActiveCfg = Debug|Any CPU
		{1AD3491E-B1C4-40DB-BAB4-508FEC02856C}.Debug|Any CPU.Build.0 = Debug|Any CPU
		{1AD3491E-B1C4-40DB-BAB4-508FEC02856C}.Release|Any CPU.ActiveCfg = Release|Any CPU
		{1AD3491E-B1C4-40DB-BAB4-508FEC02856C}.Release|Any CPU.Build.0 = Release|Any CPU
		{00D19DD3-2C24-4C6B-A1F4-1119C52489B5}.Debug|Any CPU.ActiveCfg = Debug|Any CPU
		{00D19DD3-2C24-4C6B-A1F4-1119C52489B5}.Debug|Any CPU.Build.0 = Debug|Any CPU
		{00D19DD3-2C24-4C6B-A1F4-1119C52489B5}.Release|Any CPU.ActiveCfg = Release|Any CPU
		{00D19DD3-2C24-4C6B-A1F4-1119C52489B5}.Release|Any CPU.Build.0 = Release|Any CPU
		{00C5A324-7973-46E4-9ECA-E8A89EAC54C2}.Debug|Any CPU.ActiveCfg = Debug|Any CPU
		{00C5A324-7973-46E4-9ECA-E8A89EAC54C2}.Debug|Any CPU.Build.0 = Debug|Any CPU
		{00C5A324-7973-46E4-9ECA-E8A89EAC54C2}.Release|Any CPU.ActiveCfg = Release|Any CPU
		{00C5A324-7973-46E4-9ECA-E8A89EAC54C2}.Release|Any CPU.Build.0 = Release|Any CPU
	EndGlobalSection
	GlobalSection(SolutionProperties) = preSolution
		HideSolutionNode = FALSE
	EndGlobalSection
	GlobalSection(ExtensibilityGlobals) = postSolution
		SolutionGuid = {14FD650C-298B-4197-8A1A-DDF1B96DBDB3}
	EndGlobalSection
EndGlobal
